// !$*UTF8*$!
{
	archiveVersion = 1;
	classes = {
	};
	objectVersion = 60;
	objects = {

/* Begin PBXBuildFile section */
		2660789C2BE2C4AB003250FD /* get-all-characters.graphql in Resources */ = {isa = PBXBuildFile; fileRef = 2660789B2BE2C4AB003250FD /* get-all-characters.graphql */; };
		2660789E2BE2C549003250FD /* get-all-episodes.graphql in Resources */ = {isa = PBXBuildFile; fileRef = 2660789D2BE2C549003250FD /* get-all-episodes.graphql */; };
		266078A02BE2C564003250FD /* get-all-locations.graphql in Resources */ = {isa = PBXBuildFile; fileRef = 2660789F2BE2C564003250FD /* get-all-locations.graphql */; };
		266078CB2BE2CCB6003250FD /* rick-and-morty-schema.graphqls in Resources */ = {isa = PBXBuildFile; fileRef = 266078CA2BE2CCB6003250FD /* rick-and-morty-schema.graphqls */; };
		266078FC2BE2DCC5003250FD /* RickAndMortyAPI in Frameworks */ = {isa = PBXBuildFile; productRef = 266078FB2BE2DCC5003250FD /* RickAndMortyAPI */; };
		267DAC2F2BE2E13800D0901A /* README.md in Resources */ = {isa = PBXBuildFile; fileRef = 267DAC2E2BE2E13800D0901A /* README.md */; };
		267DAC362BE2E7A100D0901A /* ViewFoundation.swift in Sources */ = {isa = PBXBuildFile; fileRef = 267DAC342BE2E7A100D0901A /* ViewFoundation.swift */; };
		267DAC372BE2E7A100D0901A /* Navigator.swift in Sources */ = {isa = PBXBuildFile; fileRef = 267DAC352BE2E7A100D0901A /* Navigator.swift */; };
		267DAC3A2BE2E81800D0901A /* CCLogging in Frameworks */ = {isa = PBXBuildFile; productRef = 267DAC392BE2E81800D0901A /* CCLogging */; };
		267DAC3D2BE2E82A00D0901A /* log.swift in Sources */ = {isa = PBXBuildFile; fileRef = 267DAC3C2BE2E82A00D0901A /* log.swift */; };
		267DAC402BE2E89C00D0901A /* Factory in Frameworks */ = {isa = PBXBuildFile; productRef = 267DAC3F2BE2E89C00D0901A /* Factory */; };
		267DAC432BE30A4600D0901A /* Container.swift in Sources */ = {isa = PBXBuildFile; fileRef = 267DAC422BE30A4600D0901A /* Container.swift */; };
		267DAC462BE30E4C00D0901A /* ApolloNetworkClient.swift in Sources */ = {isa = PBXBuildFile; fileRef = 267DAC452BE30E4C00D0901A /* ApolloNetworkClient.swift */; };
		267DAC4A2BE3455800D0901A /* CharactersRemoteDataSource.swift in Sources */ = {isa = PBXBuildFile; fileRef = 267DAC492BE3455800D0901A /* CharactersRemoteDataSource.swift */; };
		267DAC522BE3460400D0901A /* CharactersRemoteRepoTests.swift in Sources */ = {isa = PBXBuildFile; fileRef = 267DAC512BE3460400D0901A /* CharactersRemoteRepoTests.swift */; };
		267DAC5B2BE3465100D0901A /* RickAndMortyAPITestMocks in Frameworks */ = {isa = PBXBuildFile; productRef = 267DAC5A2BE3465100D0901A /* RickAndMortyAPITestMocks */; };
		267DAC5E2BE3469F00D0901A /* MockInjectingTestCase.swift in Sources */ = {isa = PBXBuildFile; fileRef = 267DAC5D2BE3469F00D0901A /* MockInjectingTestCase.swift */; };
		267DAC602BE3485300D0901A /* Mocks.swift in Sources */ = {isa = PBXBuildFile; fileRef = 267DAC5F2BE3485300D0901A /* Mocks.swift */; };
		267DAC622BE34D2900D0901A /* ApolloTestSupport in Frameworks */ = {isa = PBXBuildFile; productRef = 267DAC612BE34D2900D0901A /* ApolloTestSupport */; };
		267DAC642BE34F7100D0901A /* XCTest+.swift in Sources */ = {isa = PBXBuildFile; fileRef = 267DAC632BE34F7100D0901A /* XCTest+.swift */; };
		267DAC662BE350AB00D0901A /* EpisodesRemoteDataSource.swift in Sources */ = {isa = PBXBuildFile; fileRef = 267DAC652BE350AB00D0901A /* EpisodesRemoteDataSource.swift */; };
		267DAC682BE3512B00D0901A /* EpisodesRemoteDataSourceTests.swift in Sources */ = {isa = PBXBuildFile; fileRef = 267DAC672BE3512B00D0901A /* EpisodesRemoteDataSourceTests.swift */; };
		267DAC6A2BE3536400D0901A /* LocationsRemoteDataSource.swift in Sources */ = {isa = PBXBuildFile; fileRef = 267DAC692BE3536400D0901A /* LocationsRemoteDataSource.swift */; };
		267DAC6C2BE3539600D0901A /* LocationsNetworkRequesterTests.swift in Sources */ = {isa = PBXBuildFile; fileRef = 267DAC6B2BE3539600D0901A /* LocationsNetworkRequesterTests.swift */; };
		26C0D2132BE358D300A4042E /* CoreDataStack.swift in Sources */ = {isa = PBXBuildFile; fileRef = 26C0D2122BE358D300A4042E /* CoreDataStack.swift */; };
		26C0D2162BE358F700A4042E /* RickAndMorty.xcdatamodeld in Sources */ = {isa = PBXBuildFile; fileRef = 26C0D2142BE358F700A4042E /* RickAndMorty.xcdatamodeld */; };
		26C0D2192BE3599400A4042E /* AppDelegate.swift in Sources */ = {isa = PBXBuildFile; fileRef = 26C0D2182BE3599400A4042E /* AppDelegate.swift */; };
		26C0D21C2BE35B5000A4042E /* Character.swift in Sources */ = {isa = PBXBuildFile; fileRef = 26C0D21B2BE35B5000A4042E /* Character.swift */; };
		26C34A232BE297FF0070A6C3 /* RickAndMortyGraphQLApp.swift in Sources */ = {isa = PBXBuildFile; fileRef = 26C34A222BE297FF0070A6C3 /* RickAndMortyGraphQLApp.swift */; };
		26C34A252BE297FF0070A6C3 /* ContentView.swift in Sources */ = {isa = PBXBuildFile; fileRef = 26C34A242BE297FF0070A6C3 /* ContentView.swift */; };
		26C34A272BE298010070A6C3 /* Assets.xcassets in Resources */ = {isa = PBXBuildFile; fileRef = 26C34A262BE298010070A6C3 /* Assets.xcassets */; };
		26C34A2A2BE298010070A6C3 /* Preview Assets.xcassets in Resources */ = {isa = PBXBuildFile; fileRef = 26C34A292BE298010070A6C3 /* Preview Assets.xcassets */; };
		26C34A4E2BE299600070A6C3 /* Apollo in Frameworks */ = {isa = PBXBuildFile; productRef = 26C34A4D2BE299600070A6C3 /* Apollo */; };
/* End PBXBuildFile section */

/* Begin PBXContainerItemProxy section */
		267DAC532BE3460400D0901A /* PBXContainerItemProxy */ = {
			isa = PBXContainerItemProxy;
			containerPortal = 26C34A172BE297FF0070A6C3 /* Project object */;
			proxyType = 1;
			remoteGlobalIDString = 26C34A1E2BE297FF0070A6C3;
			remoteInfo = RickAndMortyGraphQL;
		};
/* End PBXContainerItemProxy section */

/* Begin PBXCopyFilesBuildPhase section */
		26C638842BE29DF800C740CC /* Embed Frameworks */ = {
			isa = PBXCopyFilesBuildPhase;
			buildActionMask = 2147483647;
			dstPath = "";
			dstSubfolderSpec = 10;
			files = (
			);
			name = "Embed Frameworks";
			runOnlyForDeploymentPostprocessing = 0;
		};
/* End PBXCopyFilesBuildPhase section */

/* Begin PBXFileReference section */
		2660789B2BE2C4AB003250FD /* get-all-characters.graphql */ = {isa = PBXFileReference; lastKnownFileType = text; path = "get-all-characters.graphql"; sourceTree = "<group>"; };
		2660789D2BE2C549003250FD /* get-all-episodes.graphql */ = {isa = PBXFileReference; lastKnownFileType = text; path = "get-all-episodes.graphql"; sourceTree = "<group>"; };
		2660789F2BE2C564003250FD /* get-all-locations.graphql */ = {isa = PBXFileReference; lastKnownFileType = text; path = "get-all-locations.graphql"; sourceTree = "<group>"; };
		266078CA2BE2CCB6003250FD /* rick-and-morty-schema.graphqls */ = {isa = PBXFileReference; fileEncoding = 4; lastKnownFileType = text; path = "rick-and-morty-schema.graphqls"; sourceTree = "<group>"; };
		267DAC2E2BE2E13800D0901A /* README.md */ = {isa = PBXFileReference; fileEncoding = 4; lastKnownFileType = net.daringfireball.markdown; path = README.md; sourceTree = "<group>"; };
		267DAC342BE2E7A100D0901A /* ViewFoundation.swift */ = {isa = PBXFileReference; fileEncoding = 4; lastKnownFileType = sourcecode.swift; path = ViewFoundation.swift; sourceTree = "<group>"; };
		267DAC352BE2E7A100D0901A /* Navigator.swift */ = {isa = PBXFileReference; fileEncoding = 4; lastKnownFileType = sourcecode.swift; path = Navigator.swift; sourceTree = "<group>"; };
		267DAC3C2BE2E82A00D0901A /* log.swift */ = {isa = PBXFileReference; lastKnownFileType = sourcecode.swift; path = log.swift; sourceTree = "<group>"; };
		267DAC422BE30A4600D0901A /* Container.swift */ = {isa = PBXFileReference; lastKnownFileType = sourcecode.swift; path = Container.swift; sourceTree = "<group>"; };
		267DAC442BE30A9100D0901A /* fetch-and-generate-schema.sh */ = {isa = PBXFileReference; lastKnownFileType = text.script.sh; path = "fetch-and-generate-schema.sh"; sourceTree = "<group>"; };
		267DAC452BE30E4C00D0901A /* ApolloNetworkClient.swift */ = {isa = PBXFileReference; lastKnownFileType = sourcecode.swift; path = ApolloNetworkClient.swift; sourceTree = "<group>"; };
		267DAC492BE3455800D0901A /* CharactersRemoteDataSource.swift */ = {isa = PBXFileReference; lastKnownFileType = sourcecode.swift; path = CharactersRemoteDataSource.swift; sourceTree = "<group>"; };
		267DAC4F2BE3460400D0901A /* RickAndMortyGraphQLTests.xctest */ = {isa = PBXFileReference; explicitFileType = wrapper.cfbundle; includeInIndex = 0; path = RickAndMortyGraphQLTests.xctest; sourceTree = BUILT_PRODUCTS_DIR; };
		267DAC512BE3460400D0901A /* CharactersRemoteRepoTests.swift */ = {isa = PBXFileReference; lastKnownFileType = sourcecode.swift; path = CharactersRemoteRepoTests.swift; sourceTree = "<group>"; };
		267DAC582BE3462F00D0901A /* UnitTests.xctestplan */ = {isa = PBXFileReference; lastKnownFileType = text; path = UnitTests.xctestplan; sourceTree = "<group>"; };
		267DAC5D2BE3469F00D0901A /* MockInjectingTestCase.swift */ = {isa = PBXFileReference; lastKnownFileType = sourcecode.swift; path = MockInjectingTestCase.swift; sourceTree = "<group>"; };
		267DAC5F2BE3485300D0901A /* Mocks.swift */ = {isa = PBXFileReference; lastKnownFileType = sourcecode.swift; path = Mocks.swift; sourceTree = "<group>"; };
		267DAC632BE34F7100D0901A /* XCTest+.swift */ = {isa = PBXFileReference; lastKnownFileType = sourcecode.swift; path = "XCTest+.swift"; sourceTree = "<group>"; };
		267DAC652BE350AB00D0901A /* EpisodesRemoteDataSource.swift */ = {isa = PBXFileReference; lastKnownFileType = sourcecode.swift; path = EpisodesRemoteDataSource.swift; sourceTree = "<group>"; };
		267DAC672BE3512B00D0901A /* EpisodesRemoteDataSourceTests.swift */ = {isa = PBXFileReference; lastKnownFileType = sourcecode.swift; path = EpisodesRemoteDataSourceTests.swift; sourceTree = "<group>"; };
		267DAC692BE3536400D0901A /* LocationsRemoteDataSource.swift */ = {isa = PBXFileReference; lastKnownFileType = sourcecode.swift; path = LocationsRemoteDataSource.swift; sourceTree = "<group>"; };
		267DAC6B2BE3539600D0901A /* LocationsNetworkRequesterTests.swift */ = {isa = PBXFileReference; lastKnownFileType = sourcecode.swift; path = LocationsNetworkRequesterTests.swift; sourceTree = "<group>"; };
		26C0D2122BE358D300A4042E /* CoreDataStack.swift */ = {isa = PBXFileReference; lastKnownFileType = sourcecode.swift; path = CoreDataStack.swift; sourceTree = "<group>"; };
		26C0D2152BE358F700A4042E /* RickAndMorty.xcdatamodel */ = {isa = PBXFileReference; lastKnownFileType = wrapper.xcdatamodel; path = RickAndMorty.xcdatamodel; sourceTree = "<group>"; };
		26C0D2182BE3599400A4042E /* AppDelegate.swift */ = {isa = PBXFileReference; lastKnownFileType = sourcecode.swift; path = AppDelegate.swift; sourceTree = "<group>"; };
		26C0D21B2BE35B5000A4042E /* Character.swift */ = {isa = PBXFileReference; lastKnownFileType = sourcecode.swift; path = Character.swift; sourceTree = "<group>"; };
		26C34A1F2BE297FF0070A6C3 /* RickAndMortyGraphQL.app */ = {isa = PBXFileReference; explicitFileType = wrapper.application; includeInIndex = 0; path = RickAndMortyGraphQL.app; sourceTree = BUILT_PRODUCTS_DIR; };
		26C34A222BE297FF0070A6C3 /* RickAndMortyGraphQLApp.swift */ = {isa = PBXFileReference; lastKnownFileType = sourcecode.swift; path = RickAndMortyGraphQLApp.swift; sourceTree = "<group>"; };
		26C34A242BE297FF0070A6C3 /* ContentView.swift */ = {isa = PBXFileReference; lastKnownFileType = sourcecode.swift; path = ContentView.swift; sourceTree = "<group>"; };
		26C34A262BE298010070A6C3 /* Assets.xcassets */ = {isa = PBXFileReference; lastKnownFileType = folder.assetcatalog; path = Assets.xcassets; sourceTree = "<group>"; };
		26C34A292BE298010070A6C3 /* Preview Assets.xcassets */ = {isa = PBXFileReference; lastKnownFileType = folder.assetcatalog; path = "Preview Assets.xcassets"; sourceTree = "<group>"; };
/* End PBXFileReference section */

/* Begin PBXFrameworksBuildPhase section */
		267DAC4C2BE3460400D0901A /* Frameworks */ = {
			isa = PBXFrameworksBuildPhase;
			buildActionMask = 2147483647;
			files = (
				267DAC5B2BE3465100D0901A /* RickAndMortyAPITestMocks in Frameworks */,
				267DAC622BE34D2900D0901A /* ApolloTestSupport in Frameworks */,
			);
			runOnlyForDeploymentPostprocessing = 0;
		};
		26C34A1C2BE297FF0070A6C3 /* Frameworks */ = {
			isa = PBXFrameworksBuildPhase;
			buildActionMask = 2147483647;
			files = (
				266078FC2BE2DCC5003250FD /* RickAndMortyAPI in Frameworks */,
				267DAC402BE2E89C00D0901A /* Factory in Frameworks */,
				26C34A4E2BE299600070A6C3 /* Apollo in Frameworks */,
				267DAC3A2BE2E81800D0901A /* CCLogging in Frameworks */,
			);
			runOnlyForDeploymentPostprocessing = 0;
		};
/* End PBXFrameworksBuildPhase section */

/* Begin PBXGroup section */
		266078A62BE2C5CA003250FD /* Queries */ = {
			isa = PBXGroup;
			children = (
				2660789B2BE2C4AB003250FD /* get-all-characters.graphql */,
				2660789D2BE2C549003250FD /* get-all-episodes.graphql */,
				2660789F2BE2C564003250FD /* get-all-locations.graphql */,
			);
			path = Queries;
			sourceTree = "<group>";
		};
		266078C12BE2C71A003250FD /* Schema */ = {
			isa = PBXGroup;
			children = (
				266078CA2BE2CCB6003250FD /* rick-and-morty-schema.graphqls */,
			);
			path = Schema;
			sourceTree = "<group>";
		};
		267DAC322BE2E76800D0901A /* UI */ = {
			isa = PBXGroup;
			children = (
				26C0D21A2BE35B3B00A4042E /* Models */,
				26C34A242BE297FF0070A6C3 /* ContentView.swift */,
				267DAC332BE2E77300D0901A /* Foundation */,
			);
			path = UI;
			sourceTree = "<group>";
		};
		267DAC332BE2E77300D0901A /* Foundation */ = {
			isa = PBXGroup;
			children = (
				267DAC352BE2E7A100D0901A /* Navigator.swift */,
				267DAC342BE2E7A100D0901A /* ViewFoundation.swift */,
			);
			path = Foundation;
			sourceTree = "<group>";
		};
		267DAC3B2BE2E82200D0901A /* Logging */ = {
			isa = PBXGroup;
			children = (
				267DAC3C2BE2E82A00D0901A /* log.swift */,
			);
			path = Logging;
			sourceTree = "<group>";
		};
		267DAC412BE30A3A00D0901A /* DIContainer */ = {
			isa = PBXGroup;
			children = (
				267DAC422BE30A4600D0901A /* Container.swift */,
			);
			path = DIContainer;
			sourceTree = "<group>";
		};
		267DAC472BE3453E00D0901A /* RemoteDataSources */ = {
			isa = PBXGroup;
			children = (
				267DAC492BE3455800D0901A /* CharactersRemoteDataSource.swift */,
				267DAC652BE350AB00D0901A /* EpisodesRemoteDataSource.swift */,
				267DAC692BE3536400D0901A /* LocationsRemoteDataSource.swift */,
			);
			path = RemoteDataSources;
			sourceTree = "<group>";
		};
		267DAC502BE3460400D0901A /* RickAndMortyGraphQLTests */ = {
			isa = PBXGroup;
			children = (
				267DAC5C2BE3468300D0901A /* Mocks */,
				267DAC592BE3463600D0901A /* RemoteDataSourceTests */,
				267DAC632BE34F7100D0901A /* XCTest+.swift */,
			);
			path = RickAndMortyGraphQLTests;
			sourceTree = "<group>";
		};
		267DAC592BE3463600D0901A /* RemoteDataSourceTests */ = {
			isa = PBXGroup;
			children = (
				267DAC512BE3460400D0901A /* CharactersRemoteRepoTests.swift */,
				267DAC672BE3512B00D0901A /* EpisodesRemoteDataSourceTests.swift */,
				267DAC6B2BE3539600D0901A /* LocationsNetworkRequesterTests.swift */,
			);
			path = RemoteDataSourceTests;
			sourceTree = "<group>";
		};
		267DAC5C2BE3468300D0901A /* Mocks */ = {
			isa = PBXGroup;
			children = (
				267DAC5D2BE3469F00D0901A /* MockInjectingTestCase.swift */,
				267DAC5F2BE3485300D0901A /* Mocks.swift */,
			);
			path = Mocks;
			sourceTree = "<group>";
		};
		26C0D2112BE358BD00A4042E /* CoreData */ = {
			isa = PBXGroup;
			children = (
				26C0D2122BE358D300A4042E /* CoreDataStack.swift */,
				26C0D2142BE358F700A4042E /* RickAndMorty.xcdatamodeld */,
			);
			path = CoreData;
			sourceTree = "<group>";
		};
		26C0D2172BE3593100A4042E /* App */ = {
			isa = PBXGroup;
			children = (
				26C34A222BE297FF0070A6C3 /* RickAndMortyGraphQLApp.swift */,
				26C0D2182BE3599400A4042E /* AppDelegate.swift */,
			);
			path = App;
			sourceTree = "<group>";
		};
		26C0D21A2BE35B3B00A4042E /* Models */ = {
			isa = PBXGroup;
			children = (
				26C0D21B2BE35B5000A4042E /* Character.swift */,
			);
			path = Models;
			sourceTree = "<group>";
		};
		26C34A162BE297FF0070A6C3 = {
			isa = PBXGroup;
			children = (
				267DAC582BE3462F00D0901A /* UnitTests.xctestplan */,
				267DAC2E2BE2E13800D0901A /* README.md */,
				26C638712BE29AEE00C740CC /* GraphQL */,
				26C34A212BE297FF0070A6C3 /* RickAndMortyGraphQL */,
				267DAC502BE3460400D0901A /* RickAndMortyGraphQLTests */,
				26C34A202BE297FF0070A6C3 /* Products */,
				26C638782BE29DF700C740CC /* Frameworks */,
			);
			sourceTree = "<group>";
		};
		26C34A202BE297FF0070A6C3 /* Products */ = {
			isa = PBXGroup;
			children = (
				26C34A1F2BE297FF0070A6C3 /* RickAndMortyGraphQL.app */,
				267DAC4F2BE3460400D0901A /* RickAndMortyGraphQLTests.xctest */,
			);
			name = Products;
			sourceTree = "<group>";
		};
		26C34A212BE297FF0070A6C3 /* RickAndMortyGraphQL */ = {
			isa = PBXGroup;
			children = (
				26C0D2172BE3593100A4042E /* App */,
				267DAC3B2BE2E82200D0901A /* Logging */,
				267DAC412BE30A3A00D0901A /* DIContainer */,
				267DAC322BE2E76800D0901A /* UI */,
				26C0D2112BE358BD00A4042E /* CoreData */,
				267DAC472BE3453E00D0901A /* RemoteDataSources */,
				26C34A262BE298010070A6C3 /* Assets.xcassets */,
				26C34A282BE298010070A6C3 /* Preview Content */,
			);
			path = RickAndMortyGraphQL;
			sourceTree = "<group>";
		};
		26C34A282BE298010070A6C3 /* Preview Content */ = {
			isa = PBXGroup;
			children = (
				26C34A292BE298010070A6C3 /* Preview Assets.xcassets */,
			);
			path = "Preview Content";
			sourceTree = "<group>";
		};
		26C638712BE29AEE00C740CC /* GraphQL */ = {
			isa = PBXGroup;
			children = (
				266078C12BE2C71A003250FD /* Schema */,
				266078A62BE2C5CA003250FD /* Queries */,
				267DAC442BE30A9100D0901A /* fetch-and-generate-schema.sh */,
				267DAC452BE30E4C00D0901A /* ApolloNetworkClient.swift */,
			);
			path = GraphQL;
			sourceTree = "<group>";
		};
		26C638782BE29DF700C740CC /* Frameworks */ = {
			isa = PBXGroup;
			children = (
			);
			name = Frameworks;
			sourceTree = "<group>";
		};
/* End PBXGroup section */

/* Begin PBXNativeTarget section */
		267DAC4E2BE3460400D0901A /* RickAndMortyGraphQLTests */ = {
			isa = PBXNativeTarget;
			buildConfigurationList = 267DAC552BE3460400D0901A /* Build configuration list for PBXNativeTarget "RickAndMortyGraphQLTests" */;
			buildPhases = (
				267DAC4B2BE3460400D0901A /* Sources */,
				267DAC4C2BE3460400D0901A /* Frameworks */,
				267DAC4D2BE3460400D0901A /* Resources */,
			);
			buildRules = (
			);
			dependencies = (
				267DAC542BE3460400D0901A /* PBXTargetDependency */,
			);
			name = RickAndMortyGraphQLTests;
			packageProductDependencies = (
				267DAC5A2BE3465100D0901A /* RickAndMortyAPITestMocks */,
				267DAC612BE34D2900D0901A /* ApolloTestSupport */,
			);
			productName = RickAndMortyGraphQLTests;
			productReference = 267DAC4F2BE3460400D0901A /* RickAndMortyGraphQLTests.xctest */;
			productType = "com.apple.product-type.bundle.unit-test";
		};
		26C34A1E2BE297FF0070A6C3 /* RickAndMortyGraphQL */ = {
			isa = PBXNativeTarget;
			buildConfigurationList = 26C34A432BE298010070A6C3 /* Build configuration list for PBXNativeTarget "RickAndMortyGraphQL" */;
			buildPhases = (
				26C34A1B2BE297FF0070A6C3 /* Sources */,
				26C34A1C2BE297FF0070A6C3 /* Frameworks */,
				26C34A1D2BE297FF0070A6C3 /* Resources */,
				267DAC2D2BE2DECA00D0901A /* Fetch Rick & Morty Schema & Generate Code */,
				26C638842BE29DF800C740CC /* Embed Frameworks */,
			);
			buildRules = (
			);
			dependencies = (
			);
			name = RickAndMortyGraphQL;
			packageProductDependencies = (
				26C34A4D2BE299600070A6C3 /* Apollo */,
				266078FB2BE2DCC5003250FD /* RickAndMortyAPI */,
				267DAC392BE2E81800D0901A /* CCLogging */,
				267DAC3F2BE2E89C00D0901A /* Factory */,
			);
			productName = RickAndMortyGraphQL;
			productReference = 26C34A1F2BE297FF0070A6C3 /* RickAndMortyGraphQL.app */;
			productType = "com.apple.product-type.application";
		};
/* End PBXNativeTarget section */

/* Begin PBXProject section */
		26C34A172BE297FF0070A6C3 /* Project object */ = {
			isa = PBXProject;
			attributes = {
				BuildIndependentTargetsInParallel = 1;
				LastSwiftUpdateCheck = 1530;
				LastUpgradeCheck = 1530;
				TargetAttributes = {
					267DAC4E2BE3460400D0901A = {
						CreatedOnToolsVersion = 15.3;
						TestTargetID = 26C34A1E2BE297FF0070A6C3;
					};
					26C34A1E2BE297FF0070A6C3 = {
						CreatedOnToolsVersion = 15.3;
					};
				};
			};
			buildConfigurationList = 26C34A1A2BE297FF0070A6C3 /* Build configuration list for PBXProject "RickAndMortyGraphQL" */;
			compatibilityVersion = "Xcode 14.0";
			developmentRegion = en;
			hasScannedForEncodings = 0;
			knownRegions = (
				en,
				Base,
			);
			mainGroup = 26C34A162BE297FF0070A6C3;
			packageReferences = (
				26C34A4C2BE299600070A6C3 /* XCRemoteSwiftPackageReference "apollo-ios" */,
				266078FA2BE2DCC5003250FD /* XCLocalSwiftPackageReference "generated/RickAndMortyAPI" */,
				267DAC382BE2E81800D0901A /* XCRemoteSwiftPackageReference "CCLogging" */,
				267DAC3E2BE2E89C00D0901A /* XCRemoteSwiftPackageReference "Factory" */,
			);
			productRefGroup = 26C34A202BE297FF0070A6C3 /* Products */;
			projectDirPath = "";
			projectRoot = "";
			targets = (
				26C34A1E2BE297FF0070A6C3 /* RickAndMortyGraphQL */,
				267DAC4E2BE3460400D0901A /* RickAndMortyGraphQLTests */,
			);
		};
/* End PBXProject section */

/* Begin PBXResourcesBuildPhase section */
		267DAC4D2BE3460400D0901A /* Resources */ = {
			isa = PBXResourcesBuildPhase;
			buildActionMask = 2147483647;
			files = (
			);
			runOnlyForDeploymentPostprocessing = 0;
		};
		26C34A1D2BE297FF0070A6C3 /* Resources */ = {
			isa = PBXResourcesBuildPhase;
			buildActionMask = 2147483647;
			files = (
				2660789C2BE2C4AB003250FD /* get-all-characters.graphql in Resources */,
				2660789E2BE2C549003250FD /* get-all-episodes.graphql in Resources */,
				266078CB2BE2CCB6003250FD /* rick-and-morty-schema.graphqls in Resources */,
				26C34A2A2BE298010070A6C3 /* Preview Assets.xcassets in Resources */,
				266078A02BE2C564003250FD /* get-all-locations.graphql in Resources */,
				26C34A272BE298010070A6C3 /* Assets.xcassets in Resources */,
				267DAC2F2BE2E13800D0901A /* README.md in Resources */,
			);
			runOnlyForDeploymentPostprocessing = 0;
		};
/* End PBXResourcesBuildPhase section */

/* Begin PBXShellScriptBuildPhase section */
		267DAC2D2BE2DECA00D0901A /* Fetch Rick & Morty Schema & Generate Code */ = {
			isa = PBXShellScriptBuildPhase;
			alwaysOutOfDate = 1;
			buildActionMask = 2147483647;
			files = (
			);
			inputFileListPaths = (
			);
			inputPaths = (
			);
			name = "Fetch Rick & Morty Schema & Generate Code";
			outputFileListPaths = (
			);
			outputPaths = (
			);
			runOnlyForDeploymentPostprocessing = 0;
			shellPath = /bin/sh;
			shellScript = "# Navigate to the project root directory where the CLI tool is located\nsh \"${SRCROOT}/GraphQL/fetch-and-generate-schema.sh\"\n\n#echo \"Fetching schema\"\n# Fetch the scheme\n#./apollo-ios-cli fetch-schema\n\n#echo \"Generating code\"\n# Generate the code to the local swift package.\n#./apollo-ios-cli generate\n";
		};
/* End PBXShellScriptBuildPhase section */

/* Begin PBXSourcesBuildPhase section */
		267DAC4B2BE3460400D0901A /* Sources */ = {
			isa = PBXSourcesBuildPhase;
			buildActionMask = 2147483647;
			files = (
				267DAC522BE3460400D0901A /* CharactersRemoteRepoTests.swift in Sources */,
				267DAC5E2BE3469F00D0901A /* MockInjectingTestCase.swift in Sources */,
				267DAC6C2BE3539600D0901A /* LocationsNetworkRequesterTests.swift in Sources */,
				267DAC642BE34F7100D0901A /* XCTest+.swift in Sources */,
				267DAC682BE3512B00D0901A /* EpisodesRemoteDataSourceTests.swift in Sources */,
				267DAC602BE3485300D0901A /* Mocks.swift in Sources */,
			);
			runOnlyForDeploymentPostprocessing = 0;
		};
		26C34A1B2BE297FF0070A6C3 /* Sources */ = {
			isa = PBXSourcesBuildPhase;
			buildActionMask = 2147483647;
			files = (
				26C34A252BE297FF0070A6C3 /* ContentView.swift in Sources */,
				267DAC372BE2E7A100D0901A /* Navigator.swift in Sources */,
				267DAC6A2BE3536400D0901A /* LocationsRemoteDataSource.swift in Sources */,
				267DAC4A2BE3455800D0901A /* CharactersRemoteDataSource.swift in Sources */,
				267DAC662BE350AB00D0901A /* EpisodesRemoteDataSource.swift in Sources */,
				267DAC362BE2E7A100D0901A /* ViewFoundation.swift in Sources */,
				26C0D2132BE358D300A4042E /* CoreDataStack.swift in Sources */,
				267DAC432BE30A4600D0901A /* Container.swift in Sources */,
				26C0D2192BE3599400A4042E /* AppDelegate.swift in Sources */,
				26C0D21C2BE35B5000A4042E /* Character.swift in Sources */,
				26C0D2162BE358F700A4042E /* RickAndMorty.xcdatamodeld in Sources */,
				267DAC462BE30E4C00D0901A /* ApolloNetworkClient.swift in Sources */,
				267DAC3D2BE2E82A00D0901A /* log.swift in Sources */,
				26C34A232BE297FF0070A6C3 /* RickAndMortyGraphQLApp.swift in Sources */,
			);
			runOnlyForDeploymentPostprocessing = 0;
		};
/* End PBXSourcesBuildPhase section */

/* Begin PBXTargetDependency section */
		267DAC542BE3460400D0901A /* PBXTargetDependency */ = {
			isa = PBXTargetDependency;
			target = 26C34A1E2BE297FF0070A6C3 /* RickAndMortyGraphQL */;
			targetProxy = 267DAC532BE3460400D0901A /* PBXContainerItemProxy */;
		};
/* End PBXTargetDependency section */

/* Begin XCBuildConfiguration section */
		267DAC562BE3460400D0901A /* Debug */ = {
			isa = XCBuildConfiguration;
			buildSettings = {
				BUNDLE_LOADER = "$(TEST_HOST)";
				CODE_SIGN_STYLE = Automatic;
				CURRENT_PROJECT_VERSION = 1;
				DEVELOPMENT_TEAM = 435ZY68D35;
				ENABLE_USER_SCRIPT_SANDBOXING = YES;
				GENERATE_INFOPLIST_FILE = YES;
				IPHONEOS_DEPLOYMENT_TARGET = 17.0;
				MARKETING_VERSION = 1.0;
				PRODUCT_BUNDLE_IDENTIFIER = coletongorecke.RickAndMortyGraphQLTests;
				PRODUCT_NAME = "$(TARGET_NAME)";
				SUPPORTED_PLATFORMS = "iphoneos iphonesimulator";
				SUPPORTS_MACCATALYST = NO;
				SUPPORTS_MAC_DESIGNED_FOR_IPHONE_IPAD = NO;
				SUPPORTS_XR_DESIGNED_FOR_IPHONE_IPAD = NO;
				SWIFT_EMIT_LOC_STRINGS = NO;
				SWIFT_VERSION = 5.0;
				TARGETED_DEVICE_FAMILY = 1;
				TEST_HOST = "$(BUILT_PRODUCTS_DIR)/RickAndMortyGraphQL.app/$(BUNDLE_EXECUTABLE_FOLDER_PATH)/RickAndMortyGraphQL";
			};
			name = Debug;
		};
		267DAC572BE3460400D0901A /* Release */ = {
			isa = XCBuildConfiguration;
			buildSettings = {
				BUNDLE_LOADER = "$(TEST_HOST)";
				CODE_SIGN_STYLE = Automatic;
				CURRENT_PROJECT_VERSION = 1;
				DEVELOPMENT_TEAM = 435ZY68D35;
				ENABLE_USER_SCRIPT_SANDBOXING = YES;
				GENERATE_INFOPLIST_FILE = YES;
				IPHONEOS_DEPLOYMENT_TARGET = 17.0;
				MARKETING_VERSION = 1.0;
				PRODUCT_BUNDLE_IDENTIFIER = coletongorecke.RickAndMortyGraphQLTests;
				PRODUCT_NAME = "$(TARGET_NAME)";
				SUPPORTED_PLATFORMS = "iphoneos iphonesimulator";
				SUPPORTS_MACCATALYST = NO;
				SUPPORTS_MAC_DESIGNED_FOR_IPHONE_IPAD = NO;
				SUPPORTS_XR_DESIGNED_FOR_IPHONE_IPAD = NO;
				SWIFT_EMIT_LOC_STRINGS = NO;
				SWIFT_VERSION = 5.0;
				TARGETED_DEVICE_FAMILY = 1;
				TEST_HOST = "$(BUILT_PRODUCTS_DIR)/RickAndMortyGraphQL.app/$(BUNDLE_EXECUTABLE_FOLDER_PATH)/RickAndMortyGraphQL";
			};
			name = Release;
		};
		26C34A412BE298010070A6C3 /* Debug */ = {
			isa = XCBuildConfiguration;
			buildSettings = {
				ALWAYS_SEARCH_USER_PATHS = NO;
				ASSETCATALOG_COMPILER_GENERATE_SWIFT_ASSET_SYMBOL_EXTENSIONS = YES;
				CLANG_ANALYZER_NONNULL = YES;
				CLANG_ANALYZER_NUMBER_OBJECT_CONVERSION = YES_AGGRESSIVE;
				CLANG_CXX_LANGUAGE_STANDARD = "gnu++20";
				CLANG_ENABLE_MODULES = YES;
				CLANG_ENABLE_OBJC_ARC = YES;
				CLANG_ENABLE_OBJC_WEAK = YES;
				CLANG_WARN_BLOCK_CAPTURE_AUTORELEASING = YES;
				CLANG_WARN_BOOL_CONVERSION = YES;
				CLANG_WARN_COMMA = YES;
				CLANG_WARN_CONSTANT_CONVERSION = YES;
				CLANG_WARN_DEPRECATED_OBJC_IMPLEMENTATIONS = YES;
				CLANG_WARN_DIRECT_OBJC_ISA_USAGE = YES_ERROR;
				CLANG_WARN_DOCUMENTATION_COMMENTS = YES;
				CLANG_WARN_EMPTY_BODY = YES;
				CLANG_WARN_ENUM_CONVERSION = YES;
				CLANG_WARN_INFINITE_RECURSION = YES;
				CLANG_WARN_INT_CONVERSION = YES;
				CLANG_WARN_NON_LITERAL_NULL_CONVERSION = YES;
				CLANG_WARN_OBJC_IMPLICIT_RETAIN_SELF = YES;
				CLANG_WARN_OBJC_LITERAL_CONVERSION = YES;
				CLANG_WARN_OBJC_ROOT_CLASS = YES_ERROR;
				CLANG_WARN_QUOTED_INCLUDE_IN_FRAMEWORK_HEADER = YES;
				CLANG_WARN_RANGE_LOOP_ANALYSIS = YES;
				CLANG_WARN_STRICT_PROTOTYPES = YES;
				CLANG_WARN_SUSPICIOUS_MOVE = YES;
				CLANG_WARN_UNGUARDED_AVAILABILITY = YES_AGGRESSIVE;
				CLANG_WARN_UNREACHABLE_CODE = YES;
				CLANG_WARN__DUPLICATE_METHOD_MATCH = YES;
				COPY_PHASE_STRIP = NO;
				DEBUG_INFORMATION_FORMAT = dwarf;
				ENABLE_STRICT_OBJC_MSGSEND = YES;
				ENABLE_TESTABILITY = YES;
				ENABLE_USER_SCRIPT_SANDBOXING = NO;
				GCC_C_LANGUAGE_STANDARD = gnu17;
				GCC_DYNAMIC_NO_PIC = NO;
				GCC_NO_COMMON_BLOCKS = YES;
				GCC_OPTIMIZATION_LEVEL = 0;
				GCC_PREPROCESSOR_DEFINITIONS = (
					"DEBUG=1",
					"$(inherited)",
				);
				GCC_WARN_64_TO_32_BIT_CONVERSION = YES;
				GCC_WARN_ABOUT_RETURN_TYPE = YES_ERROR;
				GCC_WARN_UNDECLARED_SELECTOR = YES;
				GCC_WARN_UNINITIALIZED_AUTOS = YES_AGGRESSIVE;
				GCC_WARN_UNUSED_FUNCTION = YES;
				GCC_WARN_UNUSED_VARIABLE = YES;
				IPHONEOS_DEPLOYMENT_TARGET = 17.0;
				LOCALIZATION_PREFERS_STRING_CATALOGS = YES;
				MTL_ENABLE_DEBUG_INFO = INCLUDE_SOURCE;
				MTL_FAST_MATH = YES;
				ONLY_ACTIVE_ARCH = YES;
				SDKROOT = iphoneos;
				SWIFT_ACTIVE_COMPILATION_CONDITIONS = "DEBUG $(inherited)";
				SWIFT_OPTIMIZATION_LEVEL = "-Onone";
			};
			name = Debug;
		};
		26C34A422BE298010070A6C3 /* Release */ = {
			isa = XCBuildConfiguration;
			buildSettings = {
				ALWAYS_SEARCH_USER_PATHS = NO;
				ASSETCATALOG_COMPILER_GENERATE_SWIFT_ASSET_SYMBOL_EXTENSIONS = YES;
				CLANG_ANALYZER_NONNULL = YES;
				CLANG_ANALYZER_NUMBER_OBJECT_CONVERSION = YES_AGGRESSIVE;
				CLANG_CXX_LANGUAGE_STANDARD = "gnu++20";
				CLANG_ENABLE_MODULES = YES;
				CLANG_ENABLE_OBJC_ARC = YES;
				CLANG_ENABLE_OBJC_WEAK = YES;
				CLANG_WARN_BLOCK_CAPTURE_AUTORELEASING = YES;
				CLANG_WARN_BOOL_CONVERSION = YES;
				CLANG_WARN_COMMA = YES;
				CLANG_WARN_CONSTANT_CONVERSION = YES;
				CLANG_WARN_DEPRECATED_OBJC_IMPLEMENTATIONS = YES;
				CLANG_WARN_DIRECT_OBJC_ISA_USAGE = YES_ERROR;
				CLANG_WARN_DOCUMENTATION_COMMENTS = YES;
				CLANG_WARN_EMPTY_BODY = YES;
				CLANG_WARN_ENUM_CONVERSION = YES;
				CLANG_WARN_INFINITE_RECURSION = YES;
				CLANG_WARN_INT_CONVERSION = YES;
				CLANG_WARN_NON_LITERAL_NULL_CONVERSION = YES;
				CLANG_WARN_OBJC_IMPLICIT_RETAIN_SELF = YES;
				CLANG_WARN_OBJC_LITERAL_CONVERSION = YES;
				CLANG_WARN_OBJC_ROOT_CLASS = YES_ERROR;
				CLANG_WARN_QUOTED_INCLUDE_IN_FRAMEWORK_HEADER = YES;
				CLANG_WARN_RANGE_LOOP_ANALYSIS = YES;
				CLANG_WARN_STRICT_PROTOTYPES = YES;
				CLANG_WARN_SUSPICIOUS_MOVE = YES;
				CLANG_WARN_UNGUARDED_AVAILABILITY = YES_AGGRESSIVE;
				CLANG_WARN_UNREACHABLE_CODE = YES;
				CLANG_WARN__DUPLICATE_METHOD_MATCH = YES;
				COPY_PHASE_STRIP = NO;
				DEBUG_INFORMATION_FORMAT = "dwarf-with-dsym";
				ENABLE_NS_ASSERTIONS = NO;
				ENABLE_STRICT_OBJC_MSGSEND = YES;
				ENABLE_USER_SCRIPT_SANDBOXING = NO;
				GCC_C_LANGUAGE_STANDARD = gnu17;
				GCC_NO_COMMON_BLOCKS = YES;
				GCC_WARN_64_TO_32_BIT_CONVERSION = YES;
				GCC_WARN_ABOUT_RETURN_TYPE = YES_ERROR;
				GCC_WARN_UNDECLARED_SELECTOR = YES;
				GCC_WARN_UNINITIALIZED_AUTOS = YES_AGGRESSIVE;
				GCC_WARN_UNUSED_FUNCTION = YES;
				GCC_WARN_UNUSED_VARIABLE = YES;
				IPHONEOS_DEPLOYMENT_TARGET = 17.0;
				LOCALIZATION_PREFERS_STRING_CATALOGS = YES;
				MTL_ENABLE_DEBUG_INFO = NO;
				MTL_FAST_MATH = YES;
				SDKROOT = iphoneos;
				SWIFT_COMPILATION_MODE = wholemodule;
				VALIDATE_PRODUCT = YES;
			};
			name = Release;
		};
		26C34A442BE298010070A6C3 /* Debug */ = {
			isa = XCBuildConfiguration;
			buildSettings = {
				ASSETCATALOG_COMPILER_APPICON_NAME = AppIcon;
				ASSETCATALOG_COMPILER_GLOBAL_ACCENT_COLOR_NAME = AccentColor;
				CODE_SIGN_STYLE = Automatic;
				CURRENT_PROJECT_VERSION = 1;
				DEVELOPMENT_ASSET_PATHS = "\"RickAndMortyGraphQL/Preview Content\"";
				DEVELOPMENT_TEAM = 435ZY68D35;
				ENABLE_PREVIEWS = YES;
				GENERATE_INFOPLIST_FILE = YES;
				INFOPLIST_KEY_UIApplicationSceneManifest_Generation = YES;
				INFOPLIST_KEY_UIApplicationSupportsIndirectInputEvents = YES;
				INFOPLIST_KEY_UILaunchScreen_Generation = YES;
				INFOPLIST_KEY_UISupportedInterfaceOrientations_iPad = "UIInterfaceOrientationPortrait UIInterfaceOrientationPortraitUpsideDown UIInterfaceOrientationLandscapeLeft UIInterfaceOrientationLandscapeRight";
				INFOPLIST_KEY_UISupportedInterfaceOrientations_iPhone = "UIInterfaceOrientationPortrait UIInterfaceOrientationLandscapeLeft UIInterfaceOrientationLandscapeRight";
				LD_RUNPATH_SEARCH_PATHS = (
					"$(inherited)",
					"@executable_path/Frameworks",
				);
				MARKETING_VERSION = 1.0;
				PRODUCT_BUNDLE_IDENTIFIER = coletongorecke.RickAndMortyGraphQL;
				PRODUCT_NAME = "$(TARGET_NAME)";
				SUPPORTED_PLATFORMS = "iphoneos iphonesimulator";
				SUPPORTS_MACCATALYST = NO;
				SUPPORTS_MAC_DESIGNED_FOR_IPHONE_IPAD = NO;
				SUPPORTS_XR_DESIGNED_FOR_IPHONE_IPAD = NO;
				SWIFT_EMIT_LOC_STRINGS = YES;
				SWIFT_VERSION = 5.0;
				TARGETED_DEVICE_FAMILY = 1;
			};
			name = Debug;
		};
		26C34A452BE298010070A6C3 /* Release */ = {
			isa = XCBuildConfiguration;
			buildSettings = {
				ASSETCATALOG_COMPILER_APPICON_NAME = AppIcon;
				ASSETCATALOG_COMPILER_GLOBAL_ACCENT_COLOR_NAME = AccentColor;
				CODE_SIGN_STYLE = Automatic;
				CURRENT_PROJECT_VERSION = 1;
				DEVELOPMENT_ASSET_PATHS = "\"RickAndMortyGraphQL/Preview Content\"";
				DEVELOPMENT_TEAM = 435ZY68D35;
				ENABLE_PREVIEWS = YES;
				GENERATE_INFOPLIST_FILE = YES;
				INFOPLIST_KEY_UIApplicationSceneManifest_Generation = YES;
				INFOPLIST_KEY_UIApplicationSupportsIndirectInputEvents = YES;
				INFOPLIST_KEY_UILaunchScreen_Generation = YES;
				INFOPLIST_KEY_UISupportedInterfaceOrientations_iPad = "UIInterfaceOrientationPortrait UIInterfaceOrientationPortraitUpsideDown UIInterfaceOrientationLandscapeLeft UIInterfaceOrientationLandscapeRight";
				INFOPLIST_KEY_UISupportedInterfaceOrientations_iPhone = "UIInterfaceOrientationPortrait UIInterfaceOrientationLandscapeLeft UIInterfaceOrientationLandscapeRight";
				LD_RUNPATH_SEARCH_PATHS = (
					"$(inherited)",
					"@executable_path/Frameworks",
				);
				MARKETING_VERSION = 1.0;
				PRODUCT_BUNDLE_IDENTIFIER = coletongorecke.RickAndMortyGraphQL;
				PRODUCT_NAME = "$(TARGET_NAME)";
				SUPPORTED_PLATFORMS = "iphoneos iphonesimulator";
				SUPPORTS_MACCATALYST = NO;
				SUPPORTS_MAC_DESIGNED_FOR_IPHONE_IPAD = NO;
				SUPPORTS_XR_DESIGNED_FOR_IPHONE_IPAD = NO;
				SWIFT_EMIT_LOC_STRINGS = YES;
				SWIFT_VERSION = 5.0;
				TARGETED_DEVICE_FAMILY = 1;
			};
			name = Release;
		};
/* End XCBuildConfiguration section */

/* Begin XCConfigurationList section */
		267DAC552BE3460400D0901A /* Build configuration list for PBXNativeTarget "RickAndMortyGraphQLTests" */ = {
			isa = XCConfigurationList;
			buildConfigurations = (
				267DAC562BE3460400D0901A /* Debug */,
				267DAC572BE3460400D0901A /* Release */,
			);
			defaultConfigurationIsVisible = 0;
			defaultConfigurationName = Release;
		};
		26C34A1A2BE297FF0070A6C3 /* Build configuration list for PBXProject "RickAndMortyGraphQL" */ = {
			isa = XCConfigurationList;
			buildConfigurations = (
				26C34A412BE298010070A6C3 /* Debug */,
				26C34A422BE298010070A6C3 /* Release */,
			);
			defaultConfigurationIsVisible = 0;
			defaultConfigurationName = Release;
		};
		26C34A432BE298010070A6C3 /* Build configuration list for PBXNativeTarget "RickAndMortyGraphQL" */ = {
			isa = XCConfigurationList;
			buildConfigurations = (
				26C34A442BE298010070A6C3 /* Debug */,
				26C34A452BE298010070A6C3 /* Release */,
			);
			defaultConfigurationIsVisible = 0;
			defaultConfigurationName = Release;
		};
/* End XCConfigurationList section */

/* Begin XCLocalSwiftPackageReference section */
		266078FA2BE2DCC5003250FD /* XCLocalSwiftPackageReference "generated/RickAndMortyAPI" */ = {
			isa = XCLocalSwiftPackageReference;
			relativePath = generated/RickAndMortyAPI;
		};
/* End XCLocalSwiftPackageReference section */

/* Begin XCRemoteSwiftPackageReference section */
		267DAC382BE2E81800D0901A /* XCRemoteSwiftPackageReference "CCLogging" */ = {
			isa = XCRemoteSwiftPackageReference;
			repositoryURL = "git@github.com:coletoncodes/CCLogging.git";
			requirement = {
				kind = exactVersion;
				version = 0.0.2;
			};
		};
		267DAC3E2BE2E89C00D0901A /* XCRemoteSwiftPackageReference "Factory" */ = {
			isa = XCRemoteSwiftPackageReference;
			repositoryURL = "git@github.com:hmlongco/Factory.git";
			requirement = {
				kind = exactVersion;
				version = 2.3.2;
			};
		};
		26C34A4C2BE299600070A6C3 /* XCRemoteSwiftPackageReference "apollo-ios" */ = {
			isa = XCRemoteSwiftPackageReference;
			repositoryURL = "https://github.com/apollographql/apollo-ios.git";
			requirement = {
				kind = exactVersion;
				version = 1.10.0;
			};
		};
/* End XCRemoteSwiftPackageReference section */

/* Begin XCSwiftPackageProductDependency section */
		266078FB2BE2DCC5003250FD /* RickAndMortyAPI */ = {
			isa = XCSwiftPackageProductDependency;
			productName = RickAndMortyAPI;
		};
		267DAC392BE2E81800D0901A /* CCLogging */ = {
			isa = XCSwiftPackageProductDependency;
			package = 267DAC382BE2E81800D0901A /* XCRemoteSwiftPackageReference "CCLogging" */;
			productName = CCLogging;
		};
		267DAC3F2BE2E89C00D0901A /* Factory */ = {
			isa = XCSwiftPackageProductDependency;
			package = 267DAC3E2BE2E89C00D0901A /* XCRemoteSwiftPackageReference "Factory" */;
			productName = Factory;
		};
		267DAC5A2BE3465100D0901A /* RickAndMortyAPITestMocks */ = {
			isa = XCSwiftPackageProductDependency;
			package = 266078FA2BE2DCC5003250FD /* XCLocalSwiftPackageReference "generated/RickAndMortyAPI" */;
			productName = RickAndMortyAPITestMocks;
		};
		267DAC612BE34D2900D0901A /* ApolloTestSupport */ = {
			isa = XCSwiftPackageProductDependency;
			package = 26C34A4C2BE299600070A6C3 /* XCRemoteSwiftPackageReference "apollo-ios" */;
			productName = ApolloTestSupport;
		};
		26C34A4D2BE299600070A6C3 /* Apollo */ = {
			isa = XCSwiftPackageProductDependency;
			package = 26C34A4C2BE299600070A6C3 /* XCRemoteSwiftPackageReference "apollo-ios" */;
			productName = Apollo;
		};
/* End XCSwiftPackageProductDependency section */

/* Begin XCVersionGroup section */
		26C0D2142BE358F700A4042E /* RickAndMorty.xcdatamodeld */ = {
			isa = XCVersionGroup;
			children = (
				26C0D2152BE358F700A4042E /* RickAndMorty.xcdatamodel */,
			);
			currentVersion = 26C0D2152BE358F700A4042E /* RickAndMorty.xcdatamodel */;
			name = RickAndMorty.xcdatamodeld;
			path = /Users/coletongorecke/Developer/Projects/RickAndMortyGraphQL/RickAndMortyGraphQL/CoreData/RickAndMorty.xcdatamodeld;
			sourceTree = "<group>";
			versionGroupType = wrapper.xcdatamodel;
		};
/* End XCVersionGroup section */
	};
	rootObject = 26C34A172BE297FF0070A6C3 /* Project object */;
}
